# THIS IS AN AUTOGENERATED FILE. DO NOT EDIT THIS FILE DIRECTLY.
# yarn lockfile v1


"@cronvel/get-pixels@^3.3.1":
  version "3.3.1"
  resolved "https://registry.yarnpkg.com/@cronvel/get-pixels/-/get-pixels-3.3.1.tgz#cd8bfd7d9985fb282aa8ad765137454ecfacafbe"
  integrity sha512-jgDb8vGPkpjRDbiYyHTI2Bna4HJysjPNSiERzBnRJjCR/YqC3u0idTae0tmNECsaZLOpAWmlK9wiIwnLGIT9Bg==
  dependencies:
    jpeg-js "^0.1.1"
    ndarray "^1.0.13"
    ndarray-pack "^1.1.1"
    node-bitmap "0.0.1"
    omggif "^1.0.5"
    pngjs "^2.0.0"

cwise-compiler@^1.1.2:
  version "1.1.3"
  resolved "https://registry.yarnpkg.com/cwise-compiler/-/cwise-compiler-1.1.3.tgz#f4d667410e850d3a313a7d2db7b1e505bb034cc5"
  integrity sha1-9NZnQQ6FDToxOn0tt7HlBbsDTMU=
  dependencies:
    uniq "^1.0.0"

fuse-bindings@^2.11.2:
  version "2.11.2"
  resolved "https://registry.yarnpkg.com/fuse-bindings/-/fuse-bindings-2.11.2.tgz#ce1f2e8d18beab589d34d52bc3025a7e26ac747d"
  integrity sha512-53gc5h3VDYY9QmFu4tFU9NgKfR51AgKGhl7Uj1EX63RDU5kiBo2ooDvBiuawlS/iyEprUnzjlcDny1N/VhWNnA==
  dependencies:
    nan "^2.3.5"
    node-gyp-build "^3.2.2"
    xtend "^4.0.1"

iota-array@^1.0.0:
  version "1.0.0"
  resolved "https://registry.yarnpkg.com/iota-array/-/iota-array-1.0.0.tgz#81ef57fe5d05814cd58c2483632a99c30a0e8087"
  integrity sha1-ge9X/l0FgUzVjCSDYyqZwwoOgIc=

is-buffer@^1.0.2:
  version "1.1.6"
  resolved "https://registry.yarnpkg.com/is-buffer/-/is-buffer-1.1.6.tgz#efaa2ea9daa0d7ab2ea13a97b2b8ad51fefbe8be"
  integrity sha512-NcdALwpXkTm5Zvvbk7owOUSvVvBKDgKP5/ewfXEznmQFfs4ZRmanOeKBTjRVjka3QFoN6XJ+9F3USqfHqTaU5w==

jpeg-js@^0.1.1:
  version "0.1.2"
  resolved "https://registry.yarnpkg.com/jpeg-js/-/jpeg-js-0.1.2.tgz#135b992c0575c985cfa0f494a3227ed238583ece"
  integrity sha1-E1uZLAV1yYXPoPSUoyJ+0jhYPs4=

lazyness@^1.1.1:
  version "1.1.1"
  resolved "https://registry.yarnpkg.com/lazyness/-/lazyness-1.1.1.tgz#d5a7b63a217254bcd559f9b17753c92b70a84d81"
  integrity sha512-rYHC6l6LeRlJSt5jxpqN8z/49gZ0CqLi89HAGzJjHahCFlqEjFGFN9O15hmzSzUGFl7zN/vOWduv/+0af3r/kQ==

nan@^2.3.5:
  version "2.13.2"
  resolved "https://registry.yarnpkg.com/nan/-/nan-2.13.2.tgz#f51dc7ae66ba7d5d55e1e6d4d8092e802c9aefe7"
  integrity sha512-TghvYc72wlMGMVMluVo9WRJc0mB8KxxF/gZ4YYFy7V2ZQX9l7rgbPg7vjS9mt6U5HXODVFVI2bOduCzwOMv/lw==

ndarray-pack@^1.1.1:
  version "1.2.1"
  resolved "https://registry.yarnpkg.com/ndarray-pack/-/ndarray-pack-1.2.1.tgz#8caebeaaa24d5ecf70ff86020637977da8ee585a"
  integrity sha1-jK6+qqJNXs9w/4YCBjeXfajuWFo=
  dependencies:
    cwise-compiler "^1.1.2"
    ndarray "^1.0.13"

ndarray@^1.0.13, ndarray@^1.0.18:
  version "1.0.18"
  resolved "https://registry.yarnpkg.com/ndarray/-/ndarray-1.0.18.tgz#b60d3a73224ec555d0faa79711e502448fd3f793"
  integrity sha1-tg06cyJOxVXQ+qeXEeUCRI/T95M=
  dependencies:
    iota-array "^1.0.0"
    is-buffer "^1.0.2"

nextgen-events@^1.1.1:
  version "1.1.1"
  resolved "https://registry.yarnpkg.com/nextgen-events/-/nextgen-events-1.1.1.tgz#3595ad9405deaf0d982fd8d584747186370ec91f"
  integrity sha512-vnKAjcvttm+ILOpLuNEFUuqYAfMYfvThpTGLLZT8w+mSCMmnRsKt/qWNuNkb3/RgNyon3EqPT6bDy4xSJkbKsA==

node-bitmap@0.0.1:
  version "0.0.1"
  resolved "https://registry.yarnpkg.com/node-bitmap/-/node-bitmap-0.0.1.tgz#180eac7003e0c707618ef31368f62f84b2a69091"
  integrity sha1-GA6scAPgxwdhjvMTaPYvhLKmkJE=

node-gyp-build@^3.2.2:
  version "3.9.0"
  resolved "https://registry.yarnpkg.com/node-gyp-build/-/node-gyp-build-3.9.0.tgz#53a350187dd4d5276750da21605d1cb681d09e25"
  integrity sha512-zLcTg6P4AbcHPq465ZMFNXx7XpKKJh+7kkN699NiQWisR2uWYOWNWqRHAmbnmKiL4e9aLSlmy5U7rEMUXV59+A==

omggif@^1.0.5:
  version "1.0.9"
  resolved "https://registry.yarnpkg.com/omggif/-/omggif-1.0.9.tgz#dcb7024dacd50c52b4d303f04802c91c057c765f"
  integrity sha1-3LcCTazVDFK00wPwSALJHAV8dl8=

pngjs@^2.0.0:
  version "2.3.1"
  resolved "https://registry.yarnpkg.com/pngjs/-/pngjs-2.3.1.tgz#11d1e12b9cb64d63e30c143a330f4c1f567da85f"
  integrity sha1-EdHhK5y2TWPjDBQ6Mw9MH1Z9qF8=

qrcode-terminal@^0.12.0:
  version "0.12.0"
  resolved "https://registry.yarnpkg.com/qrcode-terminal/-/qrcode-terminal-0.12.0.tgz#bb5b699ef7f9f0505092a3748be4464fe71b5819"
  integrity sha512-EXtzRZmC+YGmGlDFbXKxQiMZNwCLEO6BANKXG4iCtSIM0yqc/pappSx3RIKr4r0uh5JsBckOXeKrB3Iz7mdQpQ==

setimmediate@^1.0.5:
  version "1.0.5"
  resolved "https://registry.yarnpkg.com/setimmediate/-/setimmediate-1.0.5.tgz#290cbb232e306942d7d7ea9b83732ab7856f8285"
  integrity sha1-KQy7Iy4waULX1+qbg3Mqt4VvgoU=

seventh@^0.7.20:
  version "0.7.21"
  resolved "https://registry.yarnpkg.com/seventh/-/seventh-0.7.21.tgz#130eb764722b6f993f58c7050826c329ff625d48"
  integrity sha512-n1ySqS/XM4AUWelvt0HWvYw1YSDaJNTtyJ9LnRQJDpCR4RTBblWSnszEhxIL1DPeQ6iXa9PMKdnqtL44gnCbyg==
  dependencies:
    setimmediate "^1.0.5"

string-kit@^0.9.3:
  version "0.9.4"
  resolved "https://registry.yarnpkg.com/string-kit/-/string-kit-0.9.4.tgz#06ed2a80374eab270efe535e6145e1cb4692b84a"
  integrity sha512-B/NRR/m4Lb/DCUGgFqEGx1v6qo/5NQphxgasd+cSm1/pT++V+qb8MkMz81hmtaeh0lkxdxeiL9sCaDXh8MZwUw==

terminal-kit@^1.28.0:
  version "1.28.0"
  resolved "https://registry.yarnpkg.com/terminal-kit/-/terminal-kit-1.28.0.tgz#322df488494c95089aee09acaf6e75d170587450"
  integrity sha512-nBXgQzGfQSaTZ55vma5WlmhpO7lDvFrjP2JiaX2MtzwxAB3Y5fm9GLqEeXwJo+n+M+7BG8zRthe3d88ET23iZA==
  dependencies:
    "@cronvel/get-pixels" "^3.3.1"
    lazyness "^1.1.1"
    ndarray "^1.0.18"
    nextgen-events "^1.1.1"
    seventh "^0.7.20"
    string-kit "^0.9.3"
    tree-kit "^0.6.1"

tree-kit@^0.6.1:
  version "0.6.1"
  resolved "https://registry.yarnpkg.com/tree-kit/-/tree-kit-0.6.1.tgz#178e1f84944d7c6e4b15eb52fedace1b76a885dd"
  integrity sha512-7mV4KbsLMuA6ths3J1wpVUj2PLmLdoNEGnP9fm3kxef4UXYC/A0rL5gKsqtkUaCMuRYUMORyioy8IpBWUBQ1Ig==

uniq@^1.0.0:
  version "1.0.1"
  resolved "https://registry.yarnpkg.com/uniq/-/uniq-1.0.1.tgz#b31c5ae8254844a3a8281541ce2b04b865a734ff"
  integrity sha1-sxxa6CVIRKOoKBVBzisEuGWnNP8=

xtend@^4.0.1:
  version "4.0.1"
  resolved "https://registry.yarnpkg.com/xtend/-/xtend-4.0.1.tgz#a5c6d532be656e23db820efb943a1f04998d63af"
  integrity sha1-pcbVMr5lbiPbgg77lDofBJmNY68=
