# THIS IS AN AUTOGENERATED FILE. DO NOT EDIT THIS FILE DIRECTLY.
# yarn lockfile v1


fuse-bindings@^2.11.2:
  version "2.11.2"
  resolved "https://registry.yarnpkg.com/fuse-bindings/-/fuse-bindings-2.11.2.tgz#ce1f2e8d18beab589d34d52bc3025a7e26ac747d"
  integrity sha512-53gc5h3VDYY9QmFu4tFU9NgKfR51AgKGhl7Uj1EX63RDU5kiBo2ooDvBiuawlS/iyEprUnzjlcDny1N/VhWNnA==
  dependencies:
    nan "^2.3.5"
    node-gyp-build "^3.2.2"
    xtend "^4.0.1"

nan@^2.3.5:
  version "2.13.2"
  resolved "https://registry.yarnpkg.com/nan/-/nan-2.13.2.tgz#f51dc7ae66ba7d5d55e1e6d4d8092e802c9aefe7"
  integrity sha512-TghvYc72wlMGMVMluVo9WRJc0mB8KxxF/gZ4YYFy7V2ZQX9l7rgbPg7vjS9mt6U5HXODVFVI2bOduCzwOMv/lw==

node-gyp-build@^3.2.2:
  version "3.9.0"
  resolved "https://registry.yarnpkg.com/node-gyp-build/-/node-gyp-build-3.9.0.tgz#53a350187dd4d5276750da21605d1cb681d09e25"
  integrity sha512-zLcTg6P4AbcHPq465ZMFNXx7XpKKJh+7kkN699NiQWisR2uWYOWNWqRHAmbnmKiL4e9aLSlmy5U7rEMUXV59+A==

xtend@^4.0.1:
  version "4.0.1"
  resolved "https://registry.yarnpkg.com/xtend/-/xtend-4.0.1.tgz#a5c6d532be656e23db820efb943a1f04998d63af"
  integrity sha1-pcbVMr5lbiPbgg77lDofBJmNY68=
